
Microsoft Visual Studio Solution File, Format Version 12.00
# Visual Studio Version 16
VisualStudioVersion = 16.0.30711.63
MinimumVisualStudioVersion = 10.0.40219.1
Project("{FAE04EC0-301F-11D3-BF4B-00C04F79EFBC}") = "BadgerVehSpawner", "BadgerVehSpawner\BadgerVehSpawner.csproj", "{B2F25AB4-6A6E-4528-B448-D96D09F10C2D}"
EndProject
Project("{FAE04EC0-301F-11D3-BF4B-00C04F79EFBC}") = "Server", "Server\Server.csproj", "{5737531C-DCF6-47D6-A18D-C5CF34165575}"
EndProject
Global
	GlobalSection(SolutionConfigurationPlatforms) = preSolution
		Debug|Any CPU = Debug|Any CPU
		Release|Any CPU = Release|Any CPU
	EndGlobalSection
	GlobalSection(ProjectConfigurationPlatforms) = postSolution
		{B2F25AB4-6A6E-4528-B448-D96D09F10C2D}.Debug|Any CPU.ActiveCfg = Debug|Any CPU
		{B2F25AB4-6A6E-4528-B448-D96D09F10C2D}.Debug|Any CPU.Build.0 = Debug|Any CPU
		{B2F25AB4-6A6E-4528-B448-D96D09F10C2D}.Release|Any CPU.ActiveCfg = Release|Any CPU
		{B2F25AB4-6A6E-4528-B448-D96D09F10C2D}.Release|Any CPU.Build.0 = Release|Any CPU
		{5737531C-DCF6-47D6-A18D-C5CF34165575}.Debug|Any CPU.ActiveCfg = Debug|Any CPU
		{5737531C-DCF6-47D6-A18D-C5CF34165575}.Debug|Any CPU.Build.0 = Debug|Any CPU
		{5737531C-DCF6-47D6-A18D-C5CF34165575}.Release|Any CPU.ActiveCfg = Release|Any CPU
		{5737531C-DCF6-47D6-A18D-C5CF34165575}.Release|Any CPU.Build.0 = Release|Any CPU
	EndGlobalSection
	GlobalSection(SolutionProperties) = preSolution
		HideSolutionNode = FALSE
	EndGlobalSection
	GlobalSection(ExtensibilityGlobals) = postSolution
		SolutionGuid = {97DC26CC-5ABB-4738-AD85-C907DF9622F9}
	EndGlobalSection
EndGlobal
